// !$*UTF8*$!
{
	archiveVersion = 1;
	classes = {
	};
	objectVersion = 55;
	objects = {

/* Begin PBXBuildFile section */
		8521B80827D7C2F100D03E4A /* IncomingMessageCell.xib in Resources */ = {isa = PBXBuildFile; fileRef = 8521B80727D7C2F100D03E4A /* IncomingMessageCell.xib */; };
		8521B80A27D91B3A00D03E4A /* ConversationList+UITableViewDelegate.swift in Sources */ = {isa = PBXBuildFile; fileRef = 8521B80927D91B3A00D03E4A /* ConversationList+UITableViewDelegate.swift */; };
		8538FDA727E5BB2E003E79AB /* ConversationListDisplayDataParser.swift in Sources */ = {isa = PBXBuildFile; fileRef = 8538FDA627E5BB2E003E79AB /* ConversationListDisplayDataParser.swift */; };
		857847CE27C12065005E176B /* AppDelegate.swift in Sources */ = {isa = PBXBuildFile; fileRef = 857847CD27C12065005E176B /* AppDelegate.swift */; };
		857847D227C12065005E176B /* ProfileViewController.swift in Sources */ = {isa = PBXBuildFile; fileRef = 857847D127C12065005E176B /* ProfileViewController.swift */; };
		857847D527C12065005E176B /* Profile.storyboard in Resources */ = {isa = PBXBuildFile; fileRef = 857847D327C12065005E176B /* Profile.storyboard */; };
		857847D727C12068005E176B /* Assets.xcassets in Resources */ = {isa = PBXBuildFile; fileRef = 857847D627C12068005E176B /* Assets.xcassets */; };
		857847DA27C12068005E176B /* LaunchScreen.storyboard in Resources */ = {isa = PBXBuildFile; fileRef = 857847D827C12068005E176B /* LaunchScreen.storyboard */; };
		857847E427C13E41005E176B /* .gitignore in Resources */ = {isa = PBXBuildFile; fileRef = 857847E327C13E41005E176B /* .gitignore */; };
		85882B4327CB87E90081463E /* AlertController.swift in Sources */ = {isa = PBXBuildFile; fileRef = 85882B4227CB87E80081463E /* AlertController.swift */; };
		85882B4F27CBE7C50081463E /* ChooseImagePicker.swift in Sources */ = {isa = PBXBuildFile; fileRef = 85882B4E27CBE7C50081463E /* ChooseImagePicker.swift */; };
		85882B5127CDD4790081463E /* PHPicker.swift in Sources */ = {isa = PBXBuildFile; fileRef = 85882B5027CDD4770081463E /* PHPicker.swift */; };
		85B7FF5527E60CC4000D33F6 /* ThemeChanger.swift in Sources */ = {isa = PBXBuildFile; fileRef = 85B7FF5427E60CC3000D33F6 /* ThemeChanger.swift */; };
		85CC045327DDB95600B9F8F0 /* ThemesViewController.swift in Sources */ = {isa = PBXBuildFile; fileRef = 85CC045227DDB95600B9F8F0 /* ThemesViewController.swift */; };
		85CC045927DDBB6600B9F8F0 /* SetupThemesViewController.swift in Sources */ = {isa = PBXBuildFile; fileRef = 85CC045827DDBB6600B9F8F0 /* SetupThemesViewController.swift */; };
		85E18B7027E9872400D6FE83 /* UserProfileInfo.swift in Sources */ = {isa = PBXBuildFile; fileRef = 85E18B6F27E9872400D6FE83 /* UserProfileInfo.swift */; };
		85FDC99527D5302D00E57461 /* TextViewDelegate.swift in Sources */ = {isa = PBXBuildFile; fileRef = 85FDC99427D5302D00E57461 /* TextViewDelegate.swift */; };
		85FDC99727D5F71100E57461 /* CustomNavigationBar.swift in Sources */ = {isa = PBXBuildFile; fileRef = 85FDC99627D5F71000E57461 /* CustomNavigationBar.swift */; };
		85FDC99927D6566700E57461 /* ConversationListViewController.swift in Sources */ = {isa = PBXBuildFile; fileRef = 85FDC99827D6566700E57461 /* ConversationListViewController.swift */; };
		85FDC99E27D65B4400E57461 /* SetupConversationTableView.swift in Sources */ = {isa = PBXBuildFile; fileRef = 85FDC99D27D65B4400E57461 /* SetupConversationTableView.swift */; };
		85FDC9A227D661F600E57461 /* User.swift in Sources */ = {isa = PBXBuildFile; fileRef = 85FDC9A127D661F600E57461 /* User.swift */; };
		85FDC9A427D6648300E57461 /* ConversationCell.swift in Sources */ = {isa = PBXBuildFile; fileRef = 85FDC9A327D6648300E57461 /* ConversationCell.swift */; };
		85FDC9A927D6790400E57461 /* ConversationCell.xib in Resources */ = {isa = PBXBuildFile; fileRef = 85FDC9A827D6790400E57461 /* ConversationCell.xib */; };
		85FDC9AD27D7A0C600E57461 /* ConversationViewController.swift in Sources */ = {isa = PBXBuildFile; fileRef = 85FDC9AC27D7A0C600E57461 /* ConversationViewController.swift */; };
		85FDC9B027D7A21200E57461 /* SentMessageCell.xib in Resources */ = {isa = PBXBuildFile; fileRef = 85FDC9AF27D7A21200E57461 /* SentMessageCell.xib */; };
		85FDC9B227D7A57500E57461 /* MessageCell.swift in Sources */ = {isa = PBXBuildFile; fileRef = 85FDC9B127D7A57500E57461 /* MessageCell.swift */; };
		85FDC9B427D7AFE200E57461 /* ConversationList + UITableViewDataSource.swift in Sources */ = {isa = PBXBuildFile; fileRef = 85FDC9B327D7AFE200E57461 /* ConversationList + UITableViewDataSource.swift */; };
		85FDC9B827D7B10000E57461 /* SetupConversationViewController.swift in Sources */ = {isa = PBXBuildFile; fileRef = 85FDC9B727D7B10000E57461 /* SetupConversationViewController.swift */; };
		85FDC9BA27D7B1C200E57461 /* Conversation + UITableViewDataSource.swift in Sources */ = {isa = PBXBuildFile; fileRef = 85FDC9B927D7B1C200E57461 /* Conversation + UITableViewDataSource.swift */; };
/* End PBXBuildFile section */

/* Begin PBXFileReference section */
		8521B80727D7C2F100D03E4A /* IncomingMessageCell.xib */ = {isa = PBXFileReference; lastKnownFileType = file.xib; path = IncomingMessageCell.xib; sourceTree = "<group>"; };
		8521B80927D91B3A00D03E4A /* ConversationList+UITableViewDelegate.swift */ = {isa = PBXFileReference; lastKnownFileType = sourcecode.swift; path = "ConversationList+UITableViewDelegate.swift"; sourceTree = "<group>"; };
		8538FDA627E5BB2E003E79AB /* ConversationListDisplayDataParser.swift */ = {isa = PBXFileReference; lastKnownFileType = sourcecode.swift; path = ConversationListDisplayDataParser.swift; sourceTree = "<group>"; };
		857847CA27C12065005E176B /* Chat-App.app */ = {isa = PBXFileReference; explicitFileType = wrapper.application; includeInIndex = 0; path = "Chat-App.app"; sourceTree = BUILT_PRODUCTS_DIR; };
		857847CD27C12065005E176B /* AppDelegate.swift */ = {isa = PBXFileReference; lastKnownFileType = sourcecode.swift; path = AppDelegate.swift; sourceTree = "<group>"; };
		857847D127C12065005E176B /* ProfileViewController.swift */ = {isa = PBXFileReference; lastKnownFileType = sourcecode.swift; path = ProfileViewController.swift; sourceTree = "<group>"; };
		857847D427C12065005E176B /* Base */ = {isa = PBXFileReference; lastKnownFileType = file.storyboard; name = Base; path = Base.lproj/Profile.storyboard; sourceTree = "<group>"; };
		857847D627C12068005E176B /* Assets.xcassets */ = {isa = PBXFileReference; lastKnownFileType = folder.assetcatalog; path = Assets.xcassets; sourceTree = "<group>"; };
		857847D927C12068005E176B /* Base */ = {isa = PBXFileReference; lastKnownFileType = file.storyboard; name = Base; path = Base.lproj/LaunchScreen.storyboard; sourceTree = "<group>"; };
		857847DB27C12068005E176B /* Info.plist */ = {isa = PBXFileReference; lastKnownFileType = text.plist.xml; path = Info.plist; sourceTree = "<group>"; };
		857847E327C13E41005E176B /* .gitignore */ = {isa = PBXFileReference; lastKnownFileType = text; path = .gitignore; sourceTree = "<group>"; };
		85882B4227CB87E80081463E /* AlertController.swift */ = {isa = PBXFileReference; lastKnownFileType = sourcecode.swift; path = AlertController.swift; sourceTree = "<group>"; };
		85882B4E27CBE7C50081463E /* ChooseImagePicker.swift */ = {isa = PBXFileReference; lastKnownFileType = sourcecode.swift; path = ChooseImagePicker.swift; sourceTree = "<group>"; };
		85882B5027CDD4770081463E /* PHPicker.swift */ = {isa = PBXFileReference; lastKnownFileType = sourcecode.swift; path = PHPicker.swift; sourceTree = "<group>"; };
		85B7FF5427E60CC3000D33F6 /* ThemeChanger.swift */ = {isa = PBXFileReference; lastKnownFileType = sourcecode.swift; path = ThemeChanger.swift; sourceTree = "<group>"; };
		85CC045227DDB95600B9F8F0 /* ThemesViewController.swift */ = {isa = PBXFileReference; lastKnownFileType = sourcecode.swift; path = ThemesViewController.swift; sourceTree = "<group>"; };
		85CC045827DDBB6600B9F8F0 /* SetupThemesViewController.swift */ = {isa = PBXFileReference; lastKnownFileType = sourcecode.swift; path = SetupThemesViewController.swift; sourceTree = "<group>"; };
		85E18B6F27E9872400D6FE83 /* UserProfileInfo.swift */ = {isa = PBXFileReference; lastKnownFileType = sourcecode.swift; path = UserProfileInfo.swift; sourceTree = "<group>"; };
		85FDC99427D5302D00E57461 /* TextViewDelegate.swift */ = {isa = PBXFileReference; lastKnownFileType = sourcecode.swift; path = TextViewDelegate.swift; sourceTree = "<group>"; };
		85FDC99627D5F71000E57461 /* CustomNavigationBar.swift */ = {isa = PBXFileReference; lastKnownFileType = sourcecode.swift; path = CustomNavigationBar.swift; sourceTree = "<group>"; };
		85FDC99827D6566700E57461 /* ConversationListViewController.swift */ = {isa = PBXFileReference; lastKnownFileType = sourcecode.swift; path = ConversationListViewController.swift; sourceTree = "<group>"; };
		85FDC99D27D65B4400E57461 /* SetupConversationTableView.swift */ = {isa = PBXFileReference; lastKnownFileType = sourcecode.swift; path = SetupConversationTableView.swift; sourceTree = "<group>"; };
		85FDC9A127D661F600E57461 /* User.swift */ = {isa = PBXFileReference; lastKnownFileType = sourcecode.swift; path = User.swift; sourceTree = "<group>"; };
		85FDC9A327D6648300E57461 /* ConversationCell.swift */ = {isa = PBXFileReference; lastKnownFileType = sourcecode.swift; path = ConversationCell.swift; sourceTree = "<group>"; };
		85FDC9A827D6790400E57461 /* ConversationCell.xib */ = {isa = PBXFileReference; lastKnownFileType = file.xib; path = ConversationCell.xib; sourceTree = "<group>"; };
		85FDC9AC27D7A0C600E57461 /* ConversationViewController.swift */ = {isa = PBXFileReference; lastKnownFileType = sourcecode.swift; path = ConversationViewController.swift; sourceTree = "<group>"; };
		85FDC9AF27D7A21200E57461 /* SentMessageCell.xib */ = {isa = PBXFileReference; lastKnownFileType = file.xib; path = SentMessageCell.xib; sourceTree = "<group>"; };
		85FDC9B127D7A57500E57461 /* MessageCell.swift */ = {isa = PBXFileReference; lastKnownFileType = sourcecode.swift; path = MessageCell.swift; sourceTree = "<group>"; };
		85FDC9B327D7AFE200E57461 /* ConversationList + UITableViewDataSource.swift */ = {isa = PBXFileReference; lastKnownFileType = sourcecode.swift; path = "ConversationList + UITableViewDataSource.swift"; sourceTree = "<group>"; };
		85FDC9B727D7B10000E57461 /* SetupConversationViewController.swift */ = {isa = PBXFileReference; lastKnownFileType = sourcecode.swift; path = SetupConversationViewController.swift; sourceTree = "<group>"; };
		85FDC9B927D7B1C200E57461 /* Conversation + UITableViewDataSource.swift */ = {isa = PBXFileReference; lastKnownFileType = sourcecode.swift; path = "Conversation + UITableViewDataSource.swift"; sourceTree = "<group>"; };
/* End PBXFileReference section */

/* Begin PBXFrameworksBuildPhase section */
		857847C727C12065005E176B /* Frameworks */ = {
			isa = PBXFrameworksBuildPhase;
			buildActionMask = 2147483647;
			files = (
			);
			runOnlyForDeploymentPostprocessing = 0;
		};
/* End PBXFrameworksBuildPhase section */

/* Begin PBXGroup section */
		8521B80B27DDB8BE00D03E4A /* Themes */ = {
			isa = PBXGroup;
			children = (
				8521B80C27DDB8CD00D03E4A /* Controller */,
			);
			path = Themes;
			sourceTree = "<group>";
		};
		8521B80C27DDB8CD00D03E4A /* Controller */ = {
			isa = PBXGroup;
			children = (
				85CC045227DDB95600B9F8F0 /* ThemesViewController.swift */,
				85CC045727DDBB3900B9F8F0 /* Extensions */,
			);
			path = Controller;
			sourceTree = "<group>";
		};
		8538FDA827E5BD31003E79AB /* Services */ = {
			isa = PBXGroup;
			children = (
				8538FDA627E5BB2E003E79AB /* ConversationListDisplayDataParser.swift */,
			);
			path = Services;
			sourceTree = "<group>";
		};
		857847C127C12065005E176B = {
			isa = PBXGroup;
			children = (
				857847CC27C12065005E176B /* Chat-App */,
				857847E327C13E41005E176B /* .gitignore */,
				857847CB27C12065005E176B /* Products */,
			);
			sourceTree = "<group>";
		};
		857847CB27C12065005E176B /* Products */ = {
			isa = PBXGroup;
			children = (
				857847CA27C12065005E176B /* Chat-App.app */,
			);
			name = Products;
			sourceTree = "<group>";
		};
		857847CC27C12065005E176B /* Chat-App */ = {
			isa = PBXGroup;
			children = (
				85882B4427CB98D70081463E /* Application */,
				85FDC99A27D65ACC00E57461 /* ConversationList */,
				85FDC9AA27D7A09B00E57461 /* Conversation */,
				8521B80B27DDB8BE00D03E4A /* Themes */,
				85882B4527CB98DF0081463E /* Profile */,
				85F9D82427C267B700466578 /* Supporting files */,
			);
			path = "Chat-App";
			sourceTree = "<group>";
		};
		85882B4127CB879D0081463E /* Extensions */ = {
			isa = PBXGroup;
			children = (
				85FDC99427D5302D00E57461 /* TextViewDelegate.swift */,
				85882B4227CB87E80081463E /* AlertController.swift */,
				85882B4E27CBE7C50081463E /* ChooseImagePicker.swift */,
				85882B5027CDD4770081463E /* PHPicker.swift */,
				85FDC99627D5F71000E57461 /* CustomNavigationBar.swift */,
			);
			path = Extensions;
			sourceTree = "<group>";
		};
		85882B4427CB98D70081463E /* Application */ = {
			isa = PBXGroup;
			children = (
				85882B4727CB98F40081463E /* View */,
				85882B4827CB98FA0081463E /* Controller */,
			);
			path = Application;
			sourceTree = "<group>";
		};
		85882B4527CB98DF0081463E /* Profile */ = {
			isa = PBXGroup;
			children = (
				85E18B6E27E9870700D6FE83 /* Model */,
				85882B4A27CB99380081463E /* View */,
				85882B4927CB99310081463E /* Controller */,
			);
			path = Profile;
			sourceTree = "<group>";
		};
		85882B4727CB98F40081463E /* View */ = {
			isa = PBXGroup;
			children = (
				857847D827C12068005E176B /* LaunchScreen.storyboard */,
			);
			path = View;
			sourceTree = "<group>";
		};
		85882B4827CB98FA0081463E /* Controller */ = {
			isa = PBXGroup;
			children = (
				857847CD27C12065005E176B /* AppDelegate.swift */,
				85B7FF5427E60CC3000D33F6 /* ThemeChanger.swift */,
			);
			path = Controller;
			sourceTree = "<group>";
		};
		85882B4927CB99310081463E /* Controller */ = {
			isa = PBXGroup;
			children = (
				857847D127C12065005E176B /* ProfileViewController.swift */,
				85882B4127CB879D0081463E /* Extensions */,
			);
			path = Controller;
			sourceTree = "<group>";
		};
		85882B4A27CB99380081463E /* View */ = {
			isa = PBXGroup;
			children = (
				857847D327C12065005E176B /* Profile.storyboard */,
			);
			path = View;
			sourceTree = "<group>";
		};
		85CC045727DDBB3900B9F8F0 /* Extensions */ = {
			isa = PBXGroup;
			children = (
				85CC045827DDBB6600B9F8F0 /* SetupThemesViewController.swift */,
			);
			path = Extensions;
			sourceTree = "<group>";
		};
		85E18B6E27E9870700D6FE83 /* Model */ = {
			isa = PBXGroup;
			children = (
				85E18B6F27E9872400D6FE83 /* UserProfileInfo.swift */,
			);
			path = Model;
			sourceTree = "<group>";
		};
		85F9D82427C267B700466578 /* Supporting files */ = {
			isa = PBXGroup;
			children = (
				857847D627C12068005E176B /* Assets.xcassets */,
				857847DB27C12068005E176B /* Info.plist */,
			);
			path = "Supporting files";
			sourceTree = "<group>";
		};
		85FDC99A27D65ACC00E57461 /* ConversationList */ = {
			isa = PBXGroup;
			children = (
				85FDC99F27D6615500E57461 /* Model */,
				85FDC9A027D6616600E57461 /* View */,
				85FDC99B27D65ADD00E57461 /* Controller */,
				8538FDA827E5BD31003E79AB /* Services */,
			);
			path = ConversationList;
			sourceTree = "<group>";
		};
		85FDC99B27D65ADD00E57461 /* Controller */ = {
			isa = PBXGroup;
			children = (
				85FDC99827D6566700E57461 /* ConversationListViewController.swift */,
				85FDC99C27D65B0300E57461 /* Extensions */,
			);
			path = Controller;
			sourceTree = "<group>";
		};
		85FDC99C27D65B0300E57461 /* Extensions */ = {
			isa = PBXGroup;
			children = (
				85FDC99D27D65B4400E57461 /* SetupConversationTableView.swift */,
				85FDC9B327D7AFE200E57461 /* ConversationList + UITableViewDataSource.swift */,
				8521B80927D91B3A00D03E4A /* ConversationList+UITableViewDelegate.swift */,
			);
			path = Extensions;
			sourceTree = "<group>";
		};
		85FDC99F27D6615500E57461 /* Model */ = {
			isa = PBXGroup;
			children = (
				85FDC9A127D661F600E57461 /* User.swift */,
			);
			path = Model;
			sourceTree = "<group>";
		};
		85FDC9A027D6616600E57461 /* View */ = {
			isa = PBXGroup;
			children = (
				85FDC9A327D6648300E57461 /* ConversationCell.swift */,
				85FDC9A827D6790400E57461 /* ConversationCell.xib */,
			);
			path = View;
			sourceTree = "<group>";
		};
		85FDC9AA27D7A09B00E57461 /* Conversation */ = {
			isa = PBXGroup;
			children = (
				85FDC9AE27D7A1A200E57461 /* Views */,
				85FDC9AB27D7A0B500E57461 /* Controller */,
			);
			path = Conversation;
			sourceTree = "<group>";
		};
		85FDC9AB27D7A0B500E57461 /* Controller */ = {
			isa = PBXGroup;
			children = (
				85FDC9AC27D7A0C600E57461 /* ConversationViewController.swift */,
				85FDC9B527D7B09500E57461 /* Extensions */,
			);
			path = Controller;
			sourceTree = "<group>";
		};
		85FDC9AE27D7A1A200E57461 /* Views */ = {
			isa = PBXGroup;
			children = (
				85FDC9AF27D7A21200E57461 /* SentMessageCell.xib */,
				8521B80727D7C2F100D03E4A /* IncomingMessageCell.xib */,
				85FDC9B127D7A57500E57461 /* MessageCell.swift */,
			);
			path = Views;
			sourceTree = "<group>";
		};
		85FDC9B527D7B09500E57461 /* Extensions */ = {
			isa = PBXGroup;
			children = (
				85FDC9B727D7B10000E57461 /* SetupConversationViewController.swift */,
				85FDC9B927D7B1C200E57461 /* Conversation + UITableViewDataSource.swift */,
			);
			path = Extensions;
			sourceTree = "<group>";
		};
/* End PBXGroup section */

/* Begin PBXNativeTarget section */
		857847C927C12065005E176B /* Chat-App */ = {
			isa = PBXNativeTarget;
			buildConfigurationList = 857847DE27C12068005E176B /* Build configuration list for PBXNativeTarget "Chat-App" */;
			buildPhases = (
				857847C627C12065005E176B /* Sources */,
				857847C727C12065005E176B /* Frameworks */,
				857847C827C12065005E176B /* Resources */,
			);
			buildRules = (
			);
			dependencies = (
			);
			name = "Chat-App";
			productName = "Chat-App";
			productReference = 857847CA27C12065005E176B /* Chat-App.app */;
			productType = "com.apple.product-type.application";
		};
/* End PBXNativeTarget section */

/* Begin PBXProject section */
		857847C227C12065005E176B /* Project object */ = {
			isa = PBXProject;
			attributes = {
				BuildIndependentTargetsInParallel = 1;
				LastSwiftUpdateCheck = 1320;
				LastUpgradeCheck = 1320;
				TargetAttributes = {
					857847C927C12065005E176B = {
						CreatedOnToolsVersion = 13.2.1;
					};
				};
			};
			buildConfigurationList = 857847C527C12065005E176B /* Build configuration list for PBXProject "Chat-App" */;
			compatibilityVersion = "Xcode 13.0";
			developmentRegion = en;
			hasScannedForEncodings = 0;
			knownRegions = (
				en,
				Base,
			);
			mainGroup = 857847C127C12065005E176B;
			productRefGroup = 857847CB27C12065005E176B /* Products */;
			projectDirPath = "";
			projectRoot = "";
			targets = (
				857847C927C12065005E176B /* Chat-App */,
			);
		};
/* End PBXProject section */

/* Begin PBXResourcesBuildPhase section */
		857847C827C12065005E176B /* Resources */ = {
			isa = PBXResourcesBuildPhase;
			buildActionMask = 2147483647;
			files = (
				857847E427C13E41005E176B /* .gitignore in Resources */,
				8521B80827D7C2F100D03E4A /* IncomingMessageCell.xib in Resources */,
				85FDC9B027D7A21200E57461 /* SentMessageCell.xib in Resources */,
				857847DA27C12068005E176B /* LaunchScreen.storyboard in Resources */,
				857847D727C12068005E176B /* Assets.xcassets in Resources */,
				857847D527C12065005E176B /* Profile.storyboard in Resources */,
				85FDC9A927D6790400E57461 /* ConversationCell.xib in Resources */,
			);
			runOnlyForDeploymentPostprocessing = 0;
		};
/* End PBXResourcesBuildPhase section */

/* Begin PBXSourcesBuildPhase section */
		857847C627C12065005E176B /* Sources */ = {
			isa = PBXSourcesBuildPhase;
			buildActionMask = 2147483647;
			files = (
				85FDC9A427D6648300E57461 /* ConversationCell.swift in Sources */,
				85FDC9B827D7B10000E57461 /* SetupConversationViewController.swift in Sources */,
				85FDC9BA27D7B1C200E57461 /* Conversation + UITableViewDataSource.swift in Sources */,
				8521B80A27D91B3A00D03E4A /* ConversationList+UITableViewDelegate.swift in Sources */,
				85E18B7027E9872400D6FE83 /* UserProfileInfo.swift in Sources */,
				85CC045327DDB95600B9F8F0 /* ThemesViewController.swift in Sources */,
				85FDC99527D5302D00E57461 /* TextViewDelegate.swift in Sources */,
				85FDC9AD27D7A0C600E57461 /* ConversationViewController.swift in Sources */,
				85FDC99E27D65B4400E57461 /* SetupConversationTableView.swift in Sources */,
				85882B4F27CBE7C50081463E /* ChooseImagePicker.swift in Sources */,
				857847D227C12065005E176B /* ProfileViewController.swift in Sources */,
				85882B4327CB87E90081463E /* AlertController.swift in Sources */,
				85B7FF5527E60CC4000D33F6 /* ThemeChanger.swift in Sources */,
				857847CE27C12065005E176B /* AppDelegate.swift in Sources */,
				85FDC9B427D7AFE200E57461 /* ConversationList + UITableViewDataSource.swift in Sources */,
				85FDC99927D6566700E57461 /* ConversationListViewController.swift in Sources */,
				85FDC9B227D7A57500E57461 /* MessageCell.swift in Sources */,
				85FDC9A227D661F600E57461 /* User.swift in Sources */,
				8538FDA727E5BB2E003E79AB /* ConversationListDisplayDataParser.swift in Sources */,
				85882B5127CDD4790081463E /* PHPicker.swift in Sources */,
				85CC045927DDBB6600B9F8F0 /* SetupThemesViewController.swift in Sources */,
				85FDC99727D5F71100E57461 /* CustomNavigationBar.swift in Sources */,
			);
			runOnlyForDeploymentPostprocessing = 0;
		};
/* End PBXSourcesBuildPhase section */

/* Begin PBXVariantGroup section */
		857847D327C12065005E176B /* Profile.storyboard */ = {
			isa = PBXVariantGroup;
			children = (
				857847D427C12065005E176B /* Base */,
			);
			name = Profile.storyboard;
			sourceTree = "<group>";
		};
		857847D827C12068005E176B /* LaunchScreen.storyboard */ = {
			isa = PBXVariantGroup;
			children = (
				857847D927C12068005E176B /* Base */,
			);
			name = LaunchScreen.storyboard;
			sourceTree = "<group>";
		};
/* End PBXVariantGroup section */

/* Begin XCBuildConfiguration section */
		857847DC27C12068005E176B /* Debug */ = {
			isa = XCBuildConfiguration;
			buildSettings = {
				ALWAYS_SEARCH_USER_PATHS = NO;
				CLANG_ANALYZER_NONNULL = YES;
				CLANG_ANALYZER_NUMBER_OBJECT_CONVERSION = YES_AGGRESSIVE;
				CLANG_CXX_LANGUAGE_STANDARD = "gnu++17";
				CLANG_CXX_LIBRARY = "libc++";
				CLANG_ENABLE_MODULES = YES;
				CLANG_ENABLE_OBJC_ARC = YES;
				CLANG_ENABLE_OBJC_WEAK = YES;
				CLANG_WARN_BLOCK_CAPTURE_AUTORELEASING = YES;
				CLANG_WARN_BOOL_CONVERSION = YES;
				CLANG_WARN_COMMA = YES;
				CLANG_WARN_CONSTANT_CONVERSION = YES;
				CLANG_WARN_DEPRECATED_OBJC_IMPLEMENTATIONS = YES;
				CLANG_WARN_DIRECT_OBJC_ISA_USAGE = YES_ERROR;
				CLANG_WARN_DOCUMENTATION_COMMENTS = YES;
				CLANG_WARN_EMPTY_BODY = YES;
				CLANG_WARN_ENUM_CONVERSION = YES;
				CLANG_WARN_INFINITE_RECURSION = YES;
				CLANG_WARN_INT_CONVERSION = YES;
				CLANG_WARN_NON_LITERAL_NULL_CONVERSION = YES;
				CLANG_WARN_OBJC_IMPLICIT_RETAIN_SELF = YES;
				CLANG_WARN_OBJC_LITERAL_CONVERSION = YES;
				CLANG_WARN_OBJC_ROOT_CLASS = YES_ERROR;
				CLANG_WARN_QUOTED_INCLUDE_IN_FRAMEWORK_HEADER = YES;
				CLANG_WARN_RANGE_LOOP_ANALYSIS = YES;
				CLANG_WARN_STRICT_PROTOTYPES = YES;
				CLANG_WARN_SUSPICIOUS_MOVE = YES;
				CLANG_WARN_UNGUARDED_AVAILABILITY = YES_AGGRESSIVE;
				CLANG_WARN_UNREACHABLE_CODE = YES;
				CLANG_WARN__DUPLICATE_METHOD_MATCH = YES;
				COPY_PHASE_STRIP = NO;
				DEBUG_INFORMATION_FORMAT = dwarf;
				ENABLE_STRICT_OBJC_MSGSEND = YES;
				ENABLE_TESTABILITY = YES;
				GCC_C_LANGUAGE_STANDARD = gnu11;
				GCC_DYNAMIC_NO_PIC = NO;
				GCC_NO_COMMON_BLOCKS = YES;
				GCC_OPTIMIZATION_LEVEL = 0;
				GCC_PREPROCESSOR_DEFINITIONS = (
					"DEBUG=1",
					"$(inherited)",
				);
				GCC_WARN_64_TO_32_BIT_CONVERSION = YES;
				GCC_WARN_ABOUT_RETURN_TYPE = YES_ERROR;
				GCC_WARN_UNDECLARED_SELECTOR = YES;
				GCC_WARN_UNINITIALIZED_AUTOS = YES_AGGRESSIVE;
				GCC_WARN_UNUSED_FUNCTION = YES;
				GCC_WARN_UNUSED_VARIABLE = YES;
				IPHONEOS_DEPLOYMENT_TARGET = 15.2;
				MTL_ENABLE_DEBUG_INFO = INCLUDE_SOURCE;
				MTL_FAST_MATH = YES;
				ONLY_ACTIVE_ARCH = YES;
				SDKROOT = iphoneos;
				SWIFT_ACTIVE_COMPILATION_CONDITIONS = DEBUG;
				SWIFT_OPTIMIZATION_LEVEL = "-Onone";
			};
			name = Debug;
		};
		857847DD27C12068005E176B /* Release */ = {
			isa = XCBuildConfiguration;
			buildSettings = {
				ALWAYS_SEARCH_USER_PATHS = NO;
				CLANG_ANALYZER_NONNULL = YES;
				CLANG_ANALYZER_NUMBER_OBJECT_CONVERSION = YES_AGGRESSIVE;
				CLANG_CXX_LANGUAGE_STANDARD = "gnu++17";
				CLANG_CXX_LIBRARY = "libc++";
				CLANG_ENABLE_MODULES = YES;
				CLANG_ENABLE_OBJC_ARC = YES;
				CLANG_ENABLE_OBJC_WEAK = YES;
				CLANG_WARN_BLOCK_CAPTURE_AUTORELEASING = YES;
				CLANG_WARN_BOOL_CONVERSION = YES;
				CLANG_WARN_COMMA = YES;
				CLANG_WARN_CONSTANT_CONVERSION = YES;
				CLANG_WARN_DEPRECATED_OBJC_IMPLEMENTATIONS = YES;
				CLANG_WARN_DIRECT_OBJC_ISA_USAGE = YES_ERROR;
				CLANG_WARN_DOCUMENTATION_COMMENTS = YES;
				CLANG_WARN_EMPTY_BODY = YES;
				CLANG_WARN_ENUM_CONVERSION = YES;
				CLANG_WARN_INFINITE_RECURSION = YES;
				CLANG_WARN_INT_CONVERSION = YES;
				CLANG_WARN_NON_LITERAL_NULL_CONVERSION = YES;
				CLANG_WARN_OBJC_IMPLICIT_RETAIN_SELF = YES;
				CLANG_WARN_OBJC_LITERAL_CONVERSION = YES;
				CLANG_WARN_OBJC_ROOT_CLASS = YES_ERROR;
				CLANG_WARN_QUOTED_INCLUDE_IN_FRAMEWORK_HEADER = YES;
				CLANG_WARN_RANGE_LOOP_ANALYSIS = YES;
				CLANG_WARN_STRICT_PROTOTYPES = YES;
				CLANG_WARN_SUSPICIOUS_MOVE = YES;
				CLANG_WARN_UNGUARDED_AVAILABILITY = YES_AGGRESSIVE;
				CLANG_WARN_UNREACHABLE_CODE = YES;
				CLANG_WARN__DUPLICATE_METHOD_MATCH = YES;
				COPY_PHASE_STRIP = NO;
				DEBUG_INFORMATION_FORMAT = "dwarf-with-dsym";
				ENABLE_NS_ASSERTIONS = NO;
				ENABLE_STRICT_OBJC_MSGSEND = YES;
				GCC_C_LANGUAGE_STANDARD = gnu11;
				GCC_NO_COMMON_BLOCKS = YES;
				GCC_WARN_64_TO_32_BIT_CONVERSION = YES;
				GCC_WARN_ABOUT_RETURN_TYPE = YES_ERROR;
				GCC_WARN_UNDECLARED_SELECTOR = YES;
				GCC_WARN_UNINITIALIZED_AUTOS = YES_AGGRESSIVE;
				GCC_WARN_UNUSED_FUNCTION = YES;
				GCC_WARN_UNUSED_VARIABLE = YES;
				IPHONEOS_DEPLOYMENT_TARGET = 15.2;
				MTL_ENABLE_DEBUG_INFO = NO;
				MTL_FAST_MATH = YES;
				SDKROOT = iphoneos;
				SWIFT_COMPILATION_MODE = wholemodule;
				SWIFT_OPTIMIZATION_LEVEL = "-O";
				VALIDATE_PRODUCT = YES;
			};
			name = Release;
		};
		857847DF27C12068005E176B /* Debug */ = {
			isa = XCBuildConfiguration;
			buildSettings = {
				ASSETCATALOG_COMPILER_APPICON_NAME = AppIcon;
				ASSETCATALOG_COMPILER_GLOBAL_ACCENT_COLOR_NAME = AccentColor;
				CODE_SIGN_STYLE = Automatic;
				CURRENT_PROJECT_VERSION = 1;
				DEVELOPMENT_TEAM = T94XUBZ99A;
				GENERATE_INFOPLIST_FILE = YES;
				INFOPLIST_FILE = "Chat-App/Supporting files/Info.plist";
				INFOPLIST_KEY_UIApplicationSupportsIndirectInputEvents = YES;
				INFOPLIST_KEY_UILaunchStoryboardName = LaunchScreen;
				INFOPLIST_KEY_UIMainStoryboardFile = Profile;
				INFOPLIST_KEY_UISupportedInterfaceOrientations = UIInterfaceOrientationPortrait;
				INFOPLIST_KEY_UISupportedInterfaceOrientations_iPad = "UIInterfaceOrientationPortrait UIInterfaceOrientationPortraitUpsideDown UIInterfaceOrientationLandscapeLeft UIInterfaceOrientationLandscapeRight";
				INFOPLIST_KEY_UISupportedInterfaceOrientations_iPhone = "UIInterfaceOrientationPortrait UIInterfaceOrientationLandscapeLeft UIInterfaceOrientationLandscapeRight";
				IPHONEOS_DEPLOYMENT_TARGET = 13.0;
				LD_RUNPATH_SEARCH_PATHS = (
					"$(inherited)",
					"@executable_path/Frameworks",
				);
				MARKETING_VERSION = 1.0;
				PRODUCT_BUNDLE_IDENTIFIER = "ru.tinkoff.Chat-App";
				PRODUCT_NAME = "$(TARGET_NAME)";
				SWIFT_EMIT_LOC_STRINGS = YES;
				SWIFT_VERSION = 5.0;
				TARGETED_DEVICE_FAMILY = 1;
			};
			name = Debug;
		};
		857847E027C12068005E176B /* Release */ = {
			isa = XCBuildConfiguration;
			buildSettings = {
				ASSETCATALOG_COMPILER_APPICON_NAME = AppIcon;
				ASSETCATALOG_COMPILER_GLOBAL_ACCENT_COLOR_NAME = AccentColor;
				CODE_SIGN_STYLE = Automatic;
				CURRENT_PROJECT_VERSION = 1;
				DEVELOPMENT_TEAM = T94XUBZ99A;
				GENERATE_INFOPLIST_FILE = YES;
				INFOPLIST_FILE = "Chat-App/Supporting files/Info.plist";
				INFOPLIST_KEY_UIApplicationSupportsIndirectInputEvents = YES;
				INFOPLIST_KEY_UILaunchStoryboardName = LaunchScreen;
				INFOPLIST_KEY_UIMainStoryboardFile = Profile;
				INFOPLIST_KEY_UISupportedInterfaceOrientations = UIInterfaceOrientationPortrait;
				INFOPLIST_KEY_UISupportedInterfaceOrientations_iPad = "UIInterfaceOrientationPortrait UIInterfaceOrientationPortraitUpsideDown UIInterfaceOrientationLandscapeLeft UIInterfaceOrientationLandscapeRight";
				INFOPLIST_KEY_UISupportedInterfaceOrientations_iPhone = "UIInterfaceOrientationPortrait UIInterfaceOrientationLandscapeLeft UIInterfaceOrientationLandscapeRight";
				IPHONEOS_DEPLOYMENT_TARGET = 13.0;
				LD_RUNPATH_SEARCH_PATHS = (
					"$(inherited)",
					"@executable_path/Frameworks",
				);
				MARKETING_VERSION = 1.0;
				PRODUCT_BUNDLE_IDENTIFIER = "ru.tinkoff.Chat-App";
				PRODUCT_NAME = "$(TARGET_NAME)";
				SWIFT_EMIT_LOC_STRINGS = YES;
				SWIFT_VERSION = 5.0;
				TARGETED_DEVICE_FAMILY = 1;
			};
			name = Release;
		};
/* End XCBuildConfiguration section */

/* Begin XCConfigurationList section */
		857847C527C12065005E176B /* Build configuration list for PBXProject "Chat-App" */ = {
			isa = XCConfigurationList;
			buildConfigurations = (
				857847DC27C12068005E176B /* Debug */,
				857847DD27C12068005E176B /* Release */,
			);
			defaultConfigurationIsVisible = 0;
			defaultConfigurationName = Release;
		};
		857847DE27C12068005E176B /* Build configuration list for PBXNativeTarget "Chat-App" */ = {
			isa = XCConfigurationList;
			buildConfigurations = (
				857847DF27C12068005E176B /* Debug */,
				857847E027C12068005E176B /* Release */,
			);
			defaultConfigurationIsVisible = 0;
			defaultConfigurationName = Release;
		};
/* End XCConfigurationList section */
	};
	rootObject = 857847C227C12065005E176B /* Project object */;
}
